
Microsoft Visual Studio Solution File, Format Version 12.00
# Visual Studio Version 17
VisualStudioVersion = 17.2.32602.215
MinimumVisualStudioVersion = 10.0.40219.1
Project("{9A19103F-16F7-4668-BE54-9A1E7A4F7556}") = "Vavatech.Shopper.Domain", "Vavatech.Shopper.Models\Vavatech.Shopper.Domain.csproj", "{1B8647A7-0FB6-43F1-8C46-10796187DD00}"
EndProject
Project("{9A19103F-16F7-4668-BE54-9A1E7A4F7556}") = "Vavatech.Shopper.WebApi", "Vavatech.Shopper.WebApi\Vavatech.Shopper.WebApi.csproj", "{9F1026DC-FCF8-46E8-AD4A-C37CB81BD37E}"
EndProject
Project("{9A19103F-16F7-4668-BE54-9A1E7A4F7556}") = "Vavatech.Shopper.ConsoleClient", "Vavatech.Shopper.ConsoleClient\Vavatech.Shopper.ConsoleClient.csproj", "{AFCCCAF5-CCC7-4872-9172-71D09737C550}"
EndProject
Project("{9A19103F-16F7-4668-BE54-9A1E7A4F7556}") = "Vavatech.Shopper.Infrastructure", "Vavatech.Shopper.Infrastructure\Vavatech.Shopper.Infrastructure.csproj", "{F40D710A-A282-4361-B441-FC3FBB65C766}"
EndProject
Project("{9A19103F-16F7-4668-BE54-9A1E7A4F7556}") = "Vavatech.Shopper.WebApiStartup", "Vavatech.Shopper.WebApiStartup\Vavatech.Shopper.WebApiStartup.csproj", "{C94643CE-79AB-48FB-828C-E445F8BDBF82}"
EndProject
Project("{9A19103F-16F7-4668-BE54-9A1E7A4F7556}") = "Vavatech.Shopper.WebApiEndpoints", "Vavatech.Shopper.WebApiEndpoints\Vavatech.Shopper.WebApiEndpoints.csproj", "{1A745C96-9B3C-4BAA-8DEB-3EAA5164A8D4}"
EndProject
Project("{9A19103F-16F7-4668-BE54-9A1E7A4F7556}") = "Vavatech.Shopper.RawApi", "Vavatech.Shopper.RawApi\Vavatech.Shopper.RawApi.csproj", "{FFE0E683-61F0-4E50-AA0E-5E20F487D13E}"
EndProject
Project("{9A19103F-16F7-4668-BE54-9A1E7A4F7556}") = "Vavatech.Shopper.MinimalApi", "Vavatech.Shopper.MinimalApi\Vavatech.Shopper.MinimalApi.csproj", "{8F3FB6AD-44D7-474E-A360-C82E96943835}"
EndProject
Project("{9A19103F-16F7-4668-BE54-9A1E7A4F7556}") = "Vavatech.Shopper.SignalRServer", "Vavatech.Shopper.SignalRServer\Vavatech.Shopper.SignalRServer.csproj", "{12A0CCC8-4D01-48BA-BF0D-7FC3AEFA828D}"
EndProject
Project("{9A19103F-16F7-4668-BE54-9A1E7A4F7556}") = "Vavatech.Shopper.SignalRConsoleSender", "Vavatech.Shopper.SignalRConsoleSender\Vavatech.Shopper.SignalRConsoleSender.csproj", "{DBA91131-8885-4B6A-A1C0-1204E2175B68}"
EndProject
Project("{9A19103F-16F7-4668-BE54-9A1E7A4F7556}") = "Vavatech.Shopper.SignalRConsoleReceiver", "Vavatech.Shopper.SignalRConsoleReceiver\Vavatech.Shopper.SignalRConsoleReceiver.csproj", "{FC7C5F25-0878-44B8-AC29-2F32BD3FF3F6}"
EndProject
Project("{9A19103F-16F7-4668-BE54-9A1E7A4F7556}") = "Vavatech.Shopper.gRPCService", "Vavatech.Shopper.gRPCService\Vavatech.Shopper.gRPCService.csproj", "{C3B858DD-DA08-486A-8D3C-70BBBC4640A1}"
EndProject
Project("{FAE04EC0-301F-11D3-BF4B-00C04F79EFBC}") = "Vavatech.Shopper.gRPCConsoleClient", "Vavatech.Shopper.gRPCConsoleClient\Vavatech.Shopper.gRPCConsoleClient.csproj", "{AA91077D-CC51-4354-A296-80C5864E3A3A}"
EndProject
Project("{FAE04EC0-301F-11D3-BF4B-00C04F79EFBC}") = "Vavatech.Shopper.gRPCCodeFirstService", "Vavatech.Shopper.gRPCCodeFirstService\Vavatech.Shopper.gRPCCodeFirstService.csproj", "{2ABDBD58-84EA-4732-BDD9-0F4EE0FA01B0}"
EndProject
Project("{FAE04EC0-301F-11D3-BF4B-00C04F79EFBC}") = "Vavatech.Shopper.Contracts", "Vavatech.Shopper.Contracts\Vavatech.Shopper.Contracts.csproj", "{B624CDB1-0A4A-49EC-9A8F-C1F8D5EBFB2A}"
EndProject
Project("{FAE04EC0-301F-11D3-BF4B-00C04F79EFBC}") = "Vavatech.Shopper.gRPCCodeFirstConsoleClient", "Vavatech.Shopper.gRPCCodeFirstConsoleClient\Vavatech.Shopper.gRPCCodeFirstConsoleClient.csproj", "{51E7578A-6471-446C-8285-EEAC1C6EB21C}"
EndProject
Global
	GlobalSection(SolutionConfigurationPlatforms) = preSolution
		Debug|Any CPU = Debug|Any CPU
		Release|Any CPU = Release|Any CPU
	EndGlobalSection
	GlobalSection(ProjectConfigurationPlatforms) = postSolution
		{1B8647A7-0FB6-43F1-8C46-10796187DD00}.Debug|Any CPU.ActiveCfg = Debug|Any CPU
		{1B8647A7-0FB6-43F1-8C46-10796187DD00}.Debug|Any CPU.Build.0 = Debug|Any CPU
		{1B8647A7-0FB6-43F1-8C46-10796187DD00}.Release|Any CPU.ActiveCfg = Release|Any CPU
		{1B8647A7-0FB6-43F1-8C46-10796187DD00}.Release|Any CPU.Build.0 = Release|Any CPU
		{9F1026DC-FCF8-46E8-AD4A-C37CB81BD37E}.Debug|Any CPU.ActiveCfg = Debug|Any CPU
		{9F1026DC-FCF8-46E8-AD4A-C37CB81BD37E}.Debug|Any CPU.Build.0 = Debug|Any CPU
		{9F1026DC-FCF8-46E8-AD4A-C37CB81BD37E}.Release|Any CPU.ActiveCfg = Release|Any CPU
		{9F1026DC-FCF8-46E8-AD4A-C37CB81BD37E}.Release|Any CPU.Build.0 = Release|Any CPU
		{AFCCCAF5-CCC7-4872-9172-71D09737C550}.Debug|Any CPU.ActiveCfg = Debug|Any CPU
		{AFCCCAF5-CCC7-4872-9172-71D09737C550}.Debug|Any CPU.Build.0 = Debug|Any CPU
		{AFCCCAF5-CCC7-4872-9172-71D09737C550}.Release|Any CPU.ActiveCfg = Release|Any CPU
		{AFCCCAF5-CCC7-4872-9172-71D09737C550}.Release|Any CPU.Build.0 = Release|Any CPU
		{F40D710A-A282-4361-B441-FC3FBB65C766}.Debug|Any CPU.ActiveCfg = Debug|Any CPU
		{F40D710A-A282-4361-B441-FC3FBB65C766}.Debug|Any CPU.Build.0 = Debug|Any CPU
		{F40D710A-A282-4361-B441-FC3FBB65C766}.Release|Any CPU.ActiveCfg = Release|Any CPU
		{F40D710A-A282-4361-B441-FC3FBB65C766}.Release|Any CPU.Build.0 = Release|Any CPU
		{C94643CE-79AB-48FB-828C-E445F8BDBF82}.Debug|Any CPU.ActiveCfg = Debug|Any CPU
		{C94643CE-79AB-48FB-828C-E445F8BDBF82}.Debug|Any CPU.Build.0 = Debug|Any CPU
		{C94643CE-79AB-48FB-828C-E445F8BDBF82}.Release|Any CPU.ActiveCfg = Release|Any CPU
		{C94643CE-79AB-48FB-828C-E445F8BDBF82}.Release|Any CPU.Build.0 = Release|Any CPU
		{1A745C96-9B3C-4BAA-8DEB-3EAA5164A8D4}.Debug|Any CPU.ActiveCfg = Debug|Any CPU
		{1A745C96-9B3C-4BAA-8DEB-3EAA5164A8D4}.Debug|Any CPU.Build.0 = Debug|Any CPU
		{1A745C96-9B3C-4BAA-8DEB-3EAA5164A8D4}.Release|Any CPU.ActiveCfg = Release|Any CPU
		{1A745C96-9B3C-4BAA-8DEB-3EAA5164A8D4}.Release|Any CPU.Build.0 = Release|Any CPU
		{FFE0E683-61F0-4E50-AA0E-5E20F487D13E}.Debug|Any CPU.ActiveCfg = Debug|Any CPU
		{FFE0E683-61F0-4E50-AA0E-5E20F487D13E}.Debug|Any CPU.Build.0 = Debug|Any CPU
		{FFE0E683-61F0-4E50-AA0E-5E20F487D13E}.Release|Any CPU.ActiveCfg = Release|Any CPU
		{FFE0E683-61F0-4E50-AA0E-5E20F487D13E}.Release|Any CPU.Build.0 = Release|Any CPU
		{8F3FB6AD-44D7-474E-A360-C82E96943835}.Debug|Any CPU.ActiveCfg = Debug|Any CPU
		{8F3FB6AD-44D7-474E-A360-C82E96943835}.Debug|Any CPU.Build.0 = Debug|Any CPU
		{8F3FB6AD-44D7-474E-A360-C82E96943835}.Release|Any CPU.ActiveCfg = Release|Any CPU
		{8F3FB6AD-44D7-474E-A360-C82E96943835}.Release|Any CPU.Build.0 = Release|Any CPU
		{12A0CCC8-4D01-48BA-BF0D-7FC3AEFA828D}.Debug|Any CPU.ActiveCfg = Debug|Any CPU
		{12A0CCC8-4D01-48BA-BF0D-7FC3AEFA828D}.Debug|Any CPU.Build.0 = Debug|Any CPU
		{12A0CCC8-4D01-48BA-BF0D-7FC3AEFA828D}.Release|Any CPU.ActiveCfg = Release|Any CPU
		{12A0CCC8-4D01-48BA-BF0D-7FC3AEFA828D}.Release|Any CPU.Build.0 = Release|Any CPU
		{DBA91131-8885-4B6A-A1C0-1204E2175B68}.Debug|Any CPU.ActiveCfg = Debug|Any CPU
		{DBA91131-8885-4B6A-A1C0-1204E2175B68}.Debug|Any CPU.Build.0 = Debug|Any CPU
		{DBA91131-8885-4B6A-A1C0-1204E2175B68}.Release|Any CPU.ActiveCfg = Release|Any CPU
		{DBA91131-8885-4B6A-A1C0-1204E2175B68}.Release|Any CPU.Build.0 = Release|Any CPU
		{FC7C5F25-0878-44B8-AC29-2F32BD3FF3F6}.Debug|Any CPU.ActiveCfg = Debug|Any CPU
		{FC7C5F25-0878-44B8-AC29-2F32BD3FF3F6}.Debug|Any CPU.Build.0 = Debug|Any CPU
		{FC7C5F25-0878-44B8-AC29-2F32BD3FF3F6}.Release|Any CPU.ActiveCfg = Release|Any CPU
		{FC7C5F25-0878-44B8-AC29-2F32BD3FF3F6}.Release|Any CPU.Build.0 = Release|Any CPU
		{C3B858DD-DA08-486A-8D3C-70BBBC4640A1}.Debug|Any CPU.ActiveCfg = Debug|Any CPU
		{C3B858DD-DA08-486A-8D3C-70BBBC4640A1}.Debug|Any CPU.Build.0 = Debug|Any CPU
		{C3B858DD-DA08-486A-8D3C-70BBBC4640A1}.Release|Any CPU.ActiveCfg = Release|Any CPU
		{C3B858DD-DA08-486A-8D3C-70BBBC4640A1}.Release|Any CPU.Build.0 = Release|Any CPU
		{AA91077D-CC51-4354-A296-80C5864E3A3A}.Debug|Any CPU.ActiveCfg = Debug|Any CPU
		{AA91077D-CC51-4354-A296-80C5864E3A3A}.Debug|Any CPU.Build.0 = Debug|Any CPU
		{AA91077D-CC51-4354-A296-80C5864E3A3A}.Release|Any CPU.ActiveCfg = Release|Any CPU
		{AA91077D-CC51-4354-A296-80C5864E3A3A}.Release|Any CPU.Build.0 = Release|Any CPU
		{2ABDBD58-84EA-4732-BDD9-0F4EE0FA01B0}.Debug|Any CPU.ActiveCfg = Debug|Any CPU
		{2ABDBD58-84EA-4732-BDD9-0F4EE0FA01B0}.Debug|Any CPU.Build.0 = Debug|Any CPU
		{2ABDBD58-84EA-4732-BDD9-0F4EE0FA01B0}.Release|Any CPU.ActiveCfg = Release|Any CPU
		{2ABDBD58-84EA-4732-BDD9-0F4EE0FA01B0}.Release|Any CPU.Build.0 = Release|Any CPU
		{B624CDB1-0A4A-49EC-9A8F-C1F8D5EBFB2A}.Debug|Any CPU.ActiveCfg = Debug|Any CPU
		{B624CDB1-0A4A-49EC-9A8F-C1F8D5EBFB2A}.Debug|Any CPU.Build.0 = Debug|Any CPU
		{B624CDB1-0A4A-49EC-9A8F-C1F8D5EBFB2A}.Release|Any CPU.ActiveCfg = Release|Any CPU
		{B624CDB1-0A4A-49EC-9A8F-C1F8D5EBFB2A}.Release|Any CPU.Build.0 = Release|Any CPU
		{51E7578A-6471-446C-8285-EEAC1C6EB21C}.Debug|Any CPU.ActiveCfg = Debug|Any CPU
		{51E7578A-6471-446C-8285-EEAC1C6EB21C}.Debug|Any CPU.Build.0 = Debug|Any CPU
		{51E7578A-6471-446C-8285-EEAC1C6EB21C}.Release|Any CPU.ActiveCfg = Release|Any CPU
		{51E7578A-6471-446C-8285-EEAC1C6EB21C}.Release|Any CPU.Build.0 = Release|Any CPU
	EndGlobalSection
	GlobalSection(SolutionProperties) = preSolution
		HideSolutionNode = FALSE
	EndGlobalSection
	GlobalSection(ExtensibilityGlobals) = postSolution
		SolutionGuid = {8C66849C-2A65-448F-AB54-BD790D5322BE}
	EndGlobalSection
EndGlobal
